// !$*UTF8*$!
{
	archiveVersion = 1;
	classes = {
	};
	objectVersion = 54;
	objects = {

/* Begin PBXBuildFile section */
		611057DD295AEF23005EFF85 /* UIFont+Extensions.swift in Sources */ = {isa = PBXBuildFile; fileRef = 611057DC295AEF23005EFF85 /* UIFont+Extensions.swift */; };
		611057DF295AF0DF005EFF85 /* UIImageView+Extensions.swift in Sources */ = {isa = PBXBuildFile; fileRef = 611057DE295AF0DF005EFF85 /* UIImageView+Extensions.swift */; };
		611057E1295AFB41005EFF85 /* GuessController.swift in Sources */ = {isa = PBXBuildFile; fileRef = 611057E0295AFB41005EFF85 /* GuessController.swift */; };
		611057E3295AFB88005EFF85 /* GuessPresenter.swift in Sources */ = {isa = PBXBuildFile; fileRef = 611057E2295AFB88005EFF85 /* GuessPresenter.swift */; };
		612157DD295AE0D900C4C14E /* GuessView.swift in Sources */ = {isa = PBXBuildFile; fileRef = 612157DC295AE0D900C4C14E /* GuessView.swift */; };
		612157E0295AE43200C4C14E /* UIScreen+Extensions.swift in Sources */ = {isa = PBXBuildFile; fileRef = 612157DF295AE43200C4C14E /* UIScreen+Extensions.swift */; };
		612157E2295AE44900C4C14E /* UIView+Extensions.swift in Sources */ = {isa = PBXBuildFile; fileRef = 612157E1295AE44900C4C14E /* UIView+Extensions.swift */; };
		612157E4295AE86300C4C14E /* UIColor+Extensions.swift in Sources */ = {isa = PBXBuildFile; fileRef = 612157E3295AE86300C4C14E /* UIColor+Extensions.swift */; };
		6143337926F5CFE100536045 /* AppDelegate.swift in Sources */ = {isa = PBXBuildFile; fileRef = 6143337826F5CFE100536045 /* AppDelegate.swift */; };
		6143337B26F5CFE100536045 /* SceneDelegate.swift in Sources */ = {isa = PBXBuildFile; fileRef = 6143337A26F5CFE100536045 /* SceneDelegate.swift */; };
		6143338226F5CFE600536045 /* Assets.xcassets in Resources */ = {isa = PBXBuildFile; fileRef = 6143338126F5CFE600536045 /* Assets.xcassets */; };
		6143338526F5CFE600536045 /* LaunchScreen.storyboard in Resources */ = {isa = PBXBuildFile; fileRef = 6143338326F5CFE600536045 /* LaunchScreen.storyboard */; };
		6143339026F5E4E300536045 /* GuessGameModel.swift in Sources */ = {isa = PBXBuildFile; fileRef = 6143338F26F5E4E300536045 /* GuessGameModel.swift */; };
		61E71BBD26FE366000ADF01A /* chalkboard.wav in Resources */ = {isa = PBXBuildFile; fileRef = 61E71BBC26FE366000ADF01A /* chalkboard.wav */; };
		61E71BBF26FE366500ADF01A /* keyboard.wav in Resources */ = {isa = PBXBuildFile; fileRef = 61E71BBE26FE366500ADF01A /* keyboard.wav */; };
/* End PBXBuildFile section */

/* Begin PBXFileReference section */
		611057DC295AEF23005EFF85 /* UIFont+Extensions.swift */ = {isa = PBXFileReference; lastKnownFileType = sourcecode.swift; path = "UIFont+Extensions.swift"; sourceTree = "<group>"; };
		611057DE295AF0DF005EFF85 /* UIImageView+Extensions.swift */ = {isa = PBXFileReference; lastKnownFileType = sourcecode.swift; path = "UIImageView+Extensions.swift"; sourceTree = "<group>"; };
		611057E0295AFB41005EFF85 /* GuessController.swift */ = {isa = PBXFileReference; lastKnownFileType = sourcecode.swift; path = GuessController.swift; sourceTree = "<group>"; };
		611057E2295AFB88005EFF85 /* GuessPresenter.swift */ = {isa = PBXFileReference; lastKnownFileType = sourcecode.swift; path = GuessPresenter.swift; sourceTree = "<group>"; };
		612157DC295AE0D900C4C14E /* GuessView.swift */ = {isa = PBXFileReference; lastKnownFileType = sourcecode.swift; path = GuessView.swift; sourceTree = "<group>"; };
		612157DF295AE43200C4C14E /* UIScreen+Extensions.swift */ = {isa = PBXFileReference; lastKnownFileType = sourcecode.swift; path = "UIScreen+Extensions.swift"; sourceTree = "<group>"; };
		612157E1295AE44900C4C14E /* UIView+Extensions.swift */ = {isa = PBXFileReference; lastKnownFileType = sourcecode.swift; path = "UIView+Extensions.swift"; sourceTree = "<group>"; };
		612157E3295AE86300C4C14E /* UIColor+Extensions.swift */ = {isa = PBXFileReference; lastKnownFileType = sourcecode.swift; path = "UIColor+Extensions.swift"; sourceTree = "<group>"; };
		6143337526F5CFE100536045 /* GuessTheNumber.app */ = {isa = PBXFileReference; explicitFileType = wrapper.application; includeInIndex = 0; path = GuessTheNumber.app; sourceTree = BUILT_PRODUCTS_DIR; };
		6143337826F5CFE100536045 /* AppDelegate.swift */ = {isa = PBXFileReference; lastKnownFileType = sourcecode.swift; path = AppDelegate.swift; sourceTree = "<group>"; };
		6143337A26F5CFE100536045 /* SceneDelegate.swift */ = {isa = PBXFileReference; lastKnownFileType = sourcecode.swift; path = SceneDelegate.swift; sourceTree = "<group>"; };
		6143338126F5CFE600536045 /* Assets.xcassets */ = {isa = PBXFileReference; lastKnownFileType = folder.assetcatalog; path = Assets.xcassets; sourceTree = "<group>"; };
		6143338426F5CFE600536045 /* Base */ = {isa = PBXFileReference; lastKnownFileType = file.storyboard; name = Base; path = Base.lproj/LaunchScreen.storyboard; sourceTree = "<group>"; };
		6143338626F5CFE600536045 /* Info.plist */ = {isa = PBXFileReference; lastKnownFileType = text.plist.xml; path = Info.plist; sourceTree = "<group>"; };
		6143338F26F5E4E300536045 /* GuessGameModel.swift */ = {isa = PBXFileReference; lastKnownFileType = sourcecode.swift; path = GuessGameModel.swift; sourceTree = "<group>"; };
		61E71BBC26FE366000ADF01A /* chalkboard.wav */ = {isa = PBXFileReference; lastKnownFileType = audio.wav; path = chalkboard.wav; sourceTree = "<group>"; };
		61E71BBE26FE366500ADF01A /* keyboard.wav */ = {isa = PBXFileReference; lastKnownFileType = audio.wav; path = keyboard.wav; sourceTree = "<group>"; };
/* End PBXFileReference section */

/* Begin PBXFrameworksBuildPhase section */
		6143337226F5CFE100536045 /* Frameworks */ = {
			isa = PBXFrameworksBuildPhase;
			buildActionMask = 2147483647;
			files = (
			);
			runOnlyForDeploymentPostprocessing = 0;
		};
/* End PBXFrameworksBuildPhase section */

/* Begin PBXGroup section */
		612157DA295ADFB100C4C14E /* Presenter */ = {
			isa = PBXGroup;
			children = (
				611057E2295AFB88005EFF85 /* GuessPresenter.swift */,
			);
			path = Presenter;
			sourceTree = "<group>";
		};
		612157DB295ADFC900C4C14E /* Supporting Files */ = {
			isa = PBXGroup;
			children = (
				612157DE295AE41B00C4C14E /* Helpers */,
				61E71BC026FE36DC00ADF01A /* Sounds */,
				6143337A26F5CFE100536045 /* SceneDelegate.swift */,
				6143337826F5CFE100536045 /* AppDelegate.swift */,
				6143338126F5CFE600536045 /* Assets.xcassets */,
				6143338626F5CFE600536045 /* Info.plist */,
			);
			path = "Supporting Files";
			sourceTree = "<group>";
		};
		612157DE295AE41B00C4C14E /* Helpers */ = {
			isa = PBXGroup;
			children = (
				612157DF295AE43200C4C14E /* UIScreen+Extensions.swift */,
				612157E1295AE44900C4C14E /* UIView+Extensions.swift */,
				612157E3295AE86300C4C14E /* UIColor+Extensions.swift */,
				611057DC295AEF23005EFF85 /* UIFont+Extensions.swift */,
				611057DE295AF0DF005EFF85 /* UIImageView+Extensions.swift */,
			);
			path = Helpers;
			sourceTree = "<group>";
		};
		6143336C26F5CFE100536045 = {
			isa = PBXGroup;
			children = (
				6143337726F5CFE100536045 /* GuessTheNumber */,
				6143337626F5CFE100536045 /* Products */,
			);
			sourceTree = "<group>";
		};
		6143337626F5CFE100536045 /* Products */ = {
			isa = PBXGroup;
			children = (
				6143337526F5CFE100536045 /* GuessTheNumber.app */,
			);
			name = Products;
			sourceTree = "<group>";
		};
		6143337726F5CFE100536045 /* GuessTheNumber */ = {
			isa = PBXGroup;
			children = (
				6143338C26F5CFF700536045 /* Model */,
				6143338D26F5D00B00536045 /* View */,
				6143338E26F5D02700536045 /* Controller */,
				612157DA295ADFB100C4C14E /* Presenter */,
				612157DB295ADFC900C4C14E /* Supporting Files */,
			);
			path = GuessTheNumber;
			sourceTree = "<group>";
		};
		6143338C26F5CFF700536045 /* Model */ = {
			isa = PBXGroup;
			children = (
				6143338F26F5E4E300536045 /* GuessGameModel.swift */,
			);
			path = Model;
			sourceTree = "<group>";
		};
		6143338D26F5D00B00536045 /* View */ = {
			isa = PBXGroup;
			children = (
				6143338326F5CFE600536045 /* LaunchScreen.storyboard */,
				612157DC295AE0D900C4C14E /* GuessView.swift */,
			);
			path = View;
			sourceTree = "<group>";
		};
		6143338E26F5D02700536045 /* Controller */ = {
			isa = PBXGroup;
			children = (
				611057E0295AFB41005EFF85 /* GuessController.swift */,
			);
			path = Controller;
			sourceTree = "<group>";
		};
		61E71BC026FE36DC00ADF01A /* Sounds */ = {
			isa = PBXGroup;
			children = (
				61E71BBE26FE366500ADF01A /* keyboard.wav */,
				61E71BBC26FE366000ADF01A /* chalkboard.wav */,
			);
			path = Sounds;
			sourceTree = "<group>";
		};
/* End PBXGroup section */

/* Begin PBXNativeTarget section */
		6143337426F5CFE100536045 /* GuessTheNumber */ = {
			isa = PBXNativeTarget;
			buildConfigurationList = 6143338926F5CFE600536045 /* Build configuration list for PBXNativeTarget "GuessTheNumber" */;
			buildPhases = (
				6143337126F5CFE100536045 /* Sources */,
				6143337226F5CFE100536045 /* Frameworks */,
				6143337326F5CFE100536045 /* Resources */,
				611057E4295C46AB005EFF85 /* ShellScript */,
			);
			buildRules = (
			);
			dependencies = (
			);
			name = GuessTheNumber;
			productName = GuessTheNumber;
			productReference = 6143337526F5CFE100536045 /* GuessTheNumber.app */;
			productType = "com.apple.product-type.application";
		};
/* End PBXNativeTarget section */

/* Begin PBXProject section */
		6143336D26F5CFE100536045 /* Project object */ = {
			isa = PBXProject;
			attributes = {
				LastSwiftUpdateCheck = 1250;
				LastUpgradeCheck = 1250;
				TargetAttributes = {
					6143337426F5CFE100536045 = {
						CreatedOnToolsVersion = 12.5.1;
					};
				};
			};
			buildConfigurationList = 6143337026F5CFE100536045 /* Build configuration list for PBXProject "GuessTheNumber" */;
			compatibilityVersion = "Xcode 9.3";
			developmentRegion = en;
			hasScannedForEncodings = 0;
			knownRegions = (
				en,
				Base,
			);
			mainGroup = 6143336C26F5CFE100536045;
			productRefGroup = 6143337626F5CFE100536045 /* Products */;
			projectDirPath = "";
			projectRoot = "";
			targets = (
				6143337426F5CFE100536045 /* GuessTheNumber */,
			);
		};
/* End PBXProject section */

/* Begin PBXResourcesBuildPhase section */
		6143337326F5CFE100536045 /* Resources */ = {
			isa = PBXResourcesBuildPhase;
			buildActionMask = 2147483647;
			files = (
				61E71BBD26FE366000ADF01A /* chalkboard.wav in Resources */,
				6143338526F5CFE600536045 /* LaunchScreen.storyboard in Resources */,
				6143338226F5CFE600536045 /* Assets.xcassets in Resources */,
				61E71BBF26FE366500ADF01A /* keyboard.wav in Resources */,
			);
			runOnlyForDeploymentPostprocessing = 0;
		};
/* End PBXResourcesBuildPhase section */

/* Begin PBXShellScriptBuildPhase section */
		611057E4295C46AB005EFF85 /* ShellScript */ = {
			isa = PBXShellScriptBuildPhase;
			alwaysOutOfDate = 1;
			buildActionMask = 2147483647;
			files = (
			);
			inputFileListPaths = (
			);
			inputPaths = (
			);
			outputFileListPaths = (
			);
			outputPaths = (
			);
			runOnlyForDeploymentPostprocessing = 0;
			shellPath = /bin/sh;
			shellScript = "if which swiftlint > /dev/null; then\n  swiftlint\nelse\n  echo \"warning: SwiftLint not installed, download from https://github.com/realm/SwiftLint\"\nfi\n";
		};
/* End PBXShellScriptBuildPhase section */

/* Begin PBXSourcesBuildPhase section */
		6143337126F5CFE100536045 /* Sources */ = {
			isa = PBXSourcesBuildPhase;
			buildActionMask = 2147483647;
			files = (
				611057DF295AF0DF005EFF85 /* UIImageView+Extensions.swift in Sources */,
				612157E2295AE44900C4C14E /* UIView+Extensions.swift in Sources */,
				611057E3295AFB88005EFF85 /* GuessPresenter.swift in Sources */,
				612157E0295AE43200C4C14E /* UIScreen+Extensions.swift in Sources */,
				612157E4295AE86300C4C14E /* UIColor+Extensions.swift in Sources */,
				612157DD295AE0D900C4C14E /* GuessView.swift in Sources */,
				6143339026F5E4E300536045 /* GuessGameModel.swift in Sources */,
				6143337926F5CFE100536045 /* AppDelegate.swift in Sources */,
				611057DD295AEF23005EFF85 /* UIFont+Extensions.swift in Sources */,
				6143337B26F5CFE100536045 /* SceneDelegate.swift in Sources */,
				611057E1295AFB41005EFF85 /* GuessController.swift in Sources */,
			);
			runOnlyForDeploymentPostprocessing = 0;
		};
/* End PBXSourcesBuildPhase section */

/* Begin PBXVariantGroup section */
		6143338326F5CFE600536045 /* LaunchScreen.storyboard */ = {
			isa = PBXVariantGroup;
			children = (
				6143338426F5CFE600536045 /* Base */,
			);
			name = LaunchScreen.storyboard;
			sourceTree = "<group>";
		};
/* End PBXVariantGroup section */

/* Begin XCBuildConfiguration section */
		6143338726F5CFE600536045 /* Debug */ = {
			isa = XCBuildConfiguration;
			buildSettings = {
				ALWAYS_SEARCH_USER_PATHS = NO;
				CLANG_ANALYZER_NONNULL = YES;
				CLANG_ANALYZER_NUMBER_OBJECT_CONVERSION = YES_AGGRESSIVE;
				CLANG_CXX_LANGUAGE_STANDARD = "gnu++14";
				CLANG_CXX_LIBRARY = "libc++";
				CLANG_ENABLE_MODULES = YES;
				CLANG_ENABLE_OBJC_ARC = YES;
				CLANG_ENABLE_OBJC_WEAK = YES;
				CLANG_WARN_BLOCK_CAPTURE_AUTORELEASING = YES;
				CLANG_WARN_BOOL_CONVERSION = YES;
				CLANG_WARN_COMMA = YES;
				CLANG_WARN_CONSTANT_CONVERSION = YES;
				CLANG_WARN_DEPRECATED_OBJC_IMPLEMENTATIONS = YES;
				CLANG_WARN_DIRECT_OBJC_ISA_USAGE = YES_ERROR;
				CLANG_WARN_DOCUMENTATION_COMMENTS = YES;
				CLANG_WARN_EMPTY_BODY = YES;
				CLANG_WARN_ENUM_CONVERSION = YES;
				CLANG_WARN_INFINITE_RECURSION = YES;
				CLANG_WARN_INT_CONVERSION = YES;
				CLANG_WARN_NON_LITERAL_NULL_CONVERSION = YES;
				CLANG_WARN_OBJC_IMPLICIT_RETAIN_SELF = YES;
				CLANG_WARN_OBJC_LITERAL_CONVERSION = YES;
				CLANG_WARN_OBJC_ROOT_CLASS = YES_ERROR;
				CLANG_WARN_QUOTED_INCLUDE_IN_FRAMEWORK_HEADER = YES;
				CLANG_WARN_RANGE_LOOP_ANALYSIS = YES;
				CLANG_WARN_STRICT_PROTOTYPES = YES;
				CLANG_WARN_SUSPICIOUS_MOVE = YES;
				CLANG_WARN_UNGUARDED_AVAILABILITY = YES_AGGRESSIVE;
				CLANG_WARN_UNREACHABLE_CODE = YES;
				CLANG_WARN__DUPLICATE_METHOD_MATCH = YES;
				COPY_PHASE_STRIP = NO;
				DEBUG_INFORMATION_FORMAT = dwarf;
				ENABLE_STRICT_OBJC_MSGSEND = YES;
				ENABLE_TESTABILITY = YES;
				GCC_C_LANGUAGE_STANDARD = gnu11;
				GCC_DYNAMIC_NO_PIC = NO;
				GCC_NO_COMMON_BLOCKS = YES;
				GCC_OPTIMIZATION_LEVEL = 0;
				GCC_PREPROCESSOR_DEFINITIONS = (
					"DEBUG=1",
					"$(inherited)",
				);
				GCC_WARN_64_TO_32_BIT_CONVERSION = YES;
				GCC_WARN_ABOUT_RETURN_TYPE = YES_ERROR;
				GCC_WARN_UNDECLARED_SELECTOR = YES;
				GCC_WARN_UNINITIALIZED_AUTOS = YES_AGGRESSIVE;
				GCC_WARN_UNUSED_FUNCTION = YES;
				GCC_WARN_UNUSED_VARIABLE = YES;
				IPHONEOS_DEPLOYMENT_TARGET = 15.0;
				MTL_ENABLE_DEBUG_INFO = INCLUDE_SOURCE;
				MTL_FAST_MATH = YES;
				ONLY_ACTIVE_ARCH = YES;
				SDKROOT = iphoneos;
				SWIFT_ACTIVE_COMPILATION_CONDITIONS = DEBUG;
				SWIFT_OPTIMIZATION_LEVEL = "-Onone";
			};
			name = Debug;
		};
		6143338826F5CFE600536045 /* Release */ = {
			isa = XCBuildConfiguration;
			buildSettings = {
				ALWAYS_SEARCH_USER_PATHS = NO;
				CLANG_ANALYZER_NONNULL = YES;
				CLANG_ANALYZER_NUMBER_OBJECT_CONVERSION = YES_AGGRESSIVE;
				CLANG_CXX_LANGUAGE_STANDARD = "gnu++14";
				CLANG_CXX_LIBRARY = "libc++";
				CLANG_ENABLE_MODULES = YES;
				CLANG_ENABLE_OBJC_ARC = YES;
				CLANG_ENABLE_OBJC_WEAK = YES;
				CLANG_WARN_BLOCK_CAPTURE_AUTORELEASING = YES;
				CLANG_WARN_BOOL_CONVERSION = YES;
				CLANG_WARN_COMMA = YES;
				CLANG_WARN_CONSTANT_CONVERSION = YES;
				CLANG_WARN_DEPRECATED_OBJC_IMPLEMENTATIONS = YES;
				CLANG_WARN_DIRECT_OBJC_ISA_USAGE = YES_ERROR;
				CLANG_WARN_DOCUMENTATION_COMMENTS = YES;
				CLANG_WARN_EMPTY_BODY = YES;
				CLANG_WARN_ENUM_CONVERSION = YES;
				CLANG_WARN_INFINITE_RECURSION = YES;
				CLANG_WARN_INT_CONVERSION = YES;
				CLANG_WARN_NON_LITERAL_NULL_CONVERSION = YES;
				CLANG_WARN_OBJC_IMPLICIT_RETAIN_SELF = YES;
				CLANG_WARN_OBJC_LITERAL_CONVERSION = YES;
				CLANG_WARN_OBJC_ROOT_CLASS = YES_ERROR;
				CLANG_WARN_QUOTED_INCLUDE_IN_FRAMEWORK_HEADER = YES;
				CLANG_WARN_RANGE_LOOP_ANALYSIS = YES;
				CLANG_WARN_STRICT_PROTOTYPES = YES;
				CLANG_WARN_SUSPICIOUS_MOVE = YES;
				CLANG_WARN_UNGUARDED_AVAILABILITY = YES_AGGRESSIVE;
				CLANG_WARN_UNREACHABLE_CODE = YES;
				CLANG_WARN__DUPLICATE_METHOD_MATCH = YES;
				COPY_PHASE_STRIP = NO;
				DEBUG_INFORMATION_FORMAT = "dwarf-with-dsym";
				ENABLE_NS_ASSERTIONS = NO;
				ENABLE_STRICT_OBJC_MSGSEND = YES;
				GCC_C_LANGUAGE_STANDARD = gnu11;
				GCC_NO_COMMON_BLOCKS = YES;
				GCC_WARN_64_TO_32_BIT_CONVERSION = YES;
				GCC_WARN_ABOUT_RETURN_TYPE = YES_ERROR;
				GCC_WARN_UNDECLARED_SELECTOR = YES;
				GCC_WARN_UNINITIALIZED_AUTOS = YES_AGGRESSIVE;
				GCC_WARN_UNUSED_FUNCTION = YES;
				GCC_WARN_UNUSED_VARIABLE = YES;
				IPHONEOS_DEPLOYMENT_TARGET = 15.0;
				MTL_ENABLE_DEBUG_INFO = NO;
				MTL_FAST_MATH = YES;
				SDKROOT = iphoneos;
				SWIFT_COMPILATION_MODE = wholemodule;
				SWIFT_OPTIMIZATION_LEVEL = "-O";
				VALIDATE_PRODUCT = YES;
			};
			name = Release;
		};
		6143338A26F5CFE600536045 /* Debug */ = {
			isa = XCBuildConfiguration;
			buildSettings = {
				ASSETCATALOG_COMPILER_APPICON_NAME = AppIcon;
				ASSETCATALOG_COMPILER_GLOBAL_ACCENT_COLOR_NAME = AccentColor;
				CODE_SIGN_STYLE = Automatic;
				DEVELOPMENT_TEAM = 7WTLW784B9;
				INFOPLIST_FILE = "GuessTheNumber/Supporting Files/Info.plist";
				LD_RUNPATH_SEARCH_PATHS = (
					"$(inherited)",
					"@executable_path/Frameworks",
				);
				PRODUCT_BUNDLE_IDENTIFIER = com.Ilya.GuessTheNumber;
				PRODUCT_NAME = "$(TARGET_NAME)";
				SUPPORTED_PLATFORMS = "iphoneos iphonesimulator";
				SUPPORTS_MACCATALYST = NO;
				SUPPORTS_MAC_DESIGNED_FOR_IPHONE_IPAD = NO;
				SWIFT_VERSION = 5.0;
				TARGETED_DEVICE_FAMILY = 1;
			};
			name = Debug;
		};
		6143338B26F5CFE600536045 /* Release */ = {
			isa = XCBuildConfiguration;
			buildSettings = {
				ASSETCATALOG_COMPILER_APPICON_NAME = AppIcon;
				ASSETCATALOG_COMPILER_GLOBAL_ACCENT_COLOR_NAME = AccentColor;
				CODE_SIGN_STYLE = Automatic;
				DEVELOPMENT_TEAM = 7WTLW784B9;
				INFOPLIST_FILE = "GuessTheNumber/Supporting Files/Info.plist";
				LD_RUNPATH_SEARCH_PATHS = (
					"$(inherited)",
					"@executable_path/Frameworks",
				);
				PRODUCT_BUNDLE_IDENTIFIER = com.Ilya.GuessTheNumber;
				PRODUCT_NAME = "$(TARGET_NAME)";
				SUPPORTED_PLATFORMS = "iphoneos iphonesimulator";
				SUPPORTS_MACCATALYST = NO;
				SUPPORTS_MAC_DESIGNED_FOR_IPHONE_IPAD = NO;
				SWIFT_VERSION = 5.0;
				TARGETED_DEVICE_FAMILY = 1;
			};
			name = Release;
		};
/* End XCBuildConfiguration section */

/* Begin XCConfigurationList section */
		6143337026F5CFE100536045 /* Build configuration list for PBXProject "GuessTheNumber" */ = {
			isa = XCConfigurationList;
			buildConfigurations = (
				6143338726F5CFE600536045 /* Debug */,
				6143338826F5CFE600536045 /* Release */,
			);
			defaultConfigurationIsVisible = 0;
			defaultConfigurationName = Release;
		};
		6143338926F5CFE600536045 /* Build configuration list for PBXNativeTarget "GuessTheNumber" */ = {
			isa = XCConfigurationList;
			buildConfigurations = (
				6143338A26F5CFE600536045 /* Debug */,
				6143338B26F5CFE600536045 /* Release */,
			);
			defaultConfigurationIsVisible = 0;
			defaultConfigurationName = Release;
		};
/* End XCConfigurationList section */
	};
	rootObject = 6143336D26F5CFE100536045 /* Project object */;
}
